{
  "object": {
    "pins": [
      {
        "package": "PhoneNumberKit",
        "repositoryURL": "https://github.com/marmelroy/PhoneNumberKit",
        "state": {
          "branch": null,
          "revision": "d4c094934237b23344cf948dd999c431feb8da06",
          "version": "3.4.1"
        }
      }
    ]
  },
  "version": 1
}
